
Microsoft Visual Studio Solution File, Format Version 11.00
# Visual Studio 2010
Project("{FAE04EC0-301F-11D3-BF4B-00C04F79EFBC}") = "ActivEarth", "ActivEarth\ActivEarth.csproj", "{6C3C36E5-CEA9-4C12-B257-2A67B8815DD6}"
EndProject
Project("{FAE04EC0-301F-11D3-BF4B-00C04F79EFBC}") = "ActivEarth.Server.Data", "ActivEarth.Server.Service\ActivEarth.Server.Data.csproj", "{EA905182-E03B-4A7C-A4C4-84D77BFCEE28}"
EndProject
Project("{FAE04EC0-301F-11D3-BF4B-00C04F79EFBC}") = "ActivEarth.Objects", "ActivEarth.Objects\ActivEarth.Objects.csproj", "{AA6B79F0-72D0-404C-BA16-9573F1710470}"
EndProject
Project("{FAE04EC0-301F-11D3-BF4B-00C04F79EFBC}") = "ActivEarth.Tests", "ActivEarth.Tests\ActivEarth.Tests.csproj", "{C555210A-ACD9-4CA6-9355-DCCFA9DF6B31}"
EndProject
Project("{2150E333-8FDC-42A3-9474-1A3956D46DE8}") = "Solution Items", "Solution Items", "{40395C20-58D6-48C6-A22D-B26EF13C815D}"
	ProjectSection(SolutionItems) = preProject
		ActivEarth.vsmdi = ActivEarth.vsmdi
		Local.testsettings = Local.testsettings
		TraceAndTestImpact.testsettings = TraceAndTestImpact.testsettings
	EndProjectSection
EndProject
Project("{FAE04EC0-301F-11D3-BF4B-00C04F79EFBC}") = "ActivEarth.Competition", "ActivEarth.Competition\ActivEarth.Competition.csproj", "{593A8CE3-778B-4BA5-A39E-984FB0E17E50}"
EndProject
Global
	GlobalSection(TestCaseManagementSettings) = postSolution
		CategoryFile = ActivEarth.vsmdi
	EndGlobalSection
	GlobalSection(SolutionConfigurationPlatforms) = preSolution
		Debug|Any CPU = Debug|Any CPU
		Release|Any CPU = Release|Any CPU
	EndGlobalSection
	GlobalSection(ProjectConfigurationPlatforms) = postSolution
		{6C3C36E5-CEA9-4C12-B257-2A67B8815DD6}.Debug|Any CPU.ActiveCfg = Debug|Any CPU
		{6C3C36E5-CEA9-4C12-B257-2A67B8815DD6}.Debug|Any CPU.Build.0 = Debug|Any CPU
		{6C3C36E5-CEA9-4C12-B257-2A67B8815DD6}.Release|Any CPU.ActiveCfg = Release|Any CPU
		{6C3C36E5-CEA9-4C12-B257-2A67B8815DD6}.Release|Any CPU.Build.0 = Release|Any CPU
		{EA905182-E03B-4A7C-A4C4-84D77BFCEE28}.Debug|Any CPU.ActiveCfg = Debug|Any CPU
		{EA905182-E03B-4A7C-A4C4-84D77BFCEE28}.Debug|Any CPU.Build.0 = Debug|Any CPU
		{EA905182-E03B-4A7C-A4C4-84D77BFCEE28}.Release|Any CPU.ActiveCfg = Release|Any CPU
		{EA905182-E03B-4A7C-A4C4-84D77BFCEE28}.Release|Any CPU.Build.0 = Release|Any CPU
		{AA6B79F0-72D0-404C-BA16-9573F1710470}.Debug|Any CPU.ActiveCfg = Debug|Any CPU
		{AA6B79F0-72D0-404C-BA16-9573F1710470}.Debug|Any CPU.Build.0 = Debug|Any CPU
		{AA6B79F0-72D0-404C-BA16-9573F1710470}.Release|Any CPU.ActiveCfg = Release|Any CPU
		{AA6B79F0-72D0-404C-BA16-9573F1710470}.Release|Any CPU.Build.0 = Release|Any CPU
		{C555210A-ACD9-4CA6-9355-DCCFA9DF6B31}.Debug|Any CPU.ActiveCfg = Debug|Any CPU
		{C555210A-ACD9-4CA6-9355-DCCFA9DF6B31}.Debug|Any CPU.Build.0 = Debug|Any CPU
		{C555210A-ACD9-4CA6-9355-DCCFA9DF6B31}.Release|Any CPU.ActiveCfg = Release|Any CPU
		{C555210A-ACD9-4CA6-9355-DCCFA9DF6B31}.Release|Any CPU.Build.0 = Release|Any CPU
		{593A8CE3-778B-4BA5-A39E-984FB0E17E50}.Debug|Any CPU.ActiveCfg = Debug|Any CPU
		{593A8CE3-778B-4BA5-A39E-984FB0E17E50}.Debug|Any CPU.Build.0 = Debug|Any CPU
		{593A8CE3-778B-4BA5-A39E-984FB0E17E50}.Release|Any CPU.ActiveCfg = Release|Any CPU
		{593A8CE3-778B-4BA5-A39E-984FB0E17E50}.Release|Any CPU.Build.0 = Release|Any CPU
	EndGlobalSection
	GlobalSection(SolutionProperties) = preSolution
		HideSolutionNode = FALSE
	EndGlobalSection
EndGlobal
