
Microsoft Visual Studio Solution File, Format Version 11.00
# Visual Studio 2010
Project("{FAE04EC0-301F-11D3-BF4B-00C04F79EFBC}") = "ActivEarth", "ActivEarth\ActivEarth.csproj", "{6C3C36E5-CEA9-4C12-B257-2A67B8815DD6}"
EndProject
Global
	GlobalSection(SolutionConfigurationPlatforms) = preSolution
		Debug|Any CPU = Debug|Any CPU
		Release|Any CPU = Release|Any CPU
	EndGlobalSection
	GlobalSection(ProjectConfigurationPlatforms) = postSolution
		{6C3C36E5-CEA9-4C12-B257-2A67B8815DD6}.Debug|Any CPU.ActiveCfg = Debug|Any CPU
		{6C3C36E5-CEA9-4C12-B257-2A67B8815DD6}.Debug|Any CPU.Build.0 = Debug|Any CPU
		{6C3C36E5-CEA9-4C12-B257-2A67B8815DD6}.Release|Any CPU.ActiveCfg = Release|Any CPU
		{6C3C36E5-CEA9-4C12-B257-2A67B8815DD6}.Release|Any CPU.Build.0 = Release|Any CPU
	EndGlobalSection
	GlobalSection(SolutionProperties) = preSolution
		HideSolutionNode = FALSE
	EndGlobalSection
EndGlobal
